// !$*UTF8*$!
{
	archiveVersion = 1;
	classes = {
	};
	objectVersion = 50;
	objects = {

/* Begin PBXBuildFile section */
		086E6CE22671CDDA00F65CDC /* OnboardingView.xib in Resources */ = {isa = PBXBuildFile; fileRef = 086E6CE12671CDDA00F65CDC /* OnboardingView.xib */; };
		086E6CE52671D2BF00F65CDC /* OnboardingView.swift in Sources */ = {isa = PBXBuildFile; fileRef = 086E6CE42671D2BF00F65CDC /* OnboardingView.swift */; };
		086E6CE72671D36E00F65CDC /* KontenKuisView.xib in Resources */ = {isa = PBXBuildFile; fileRef = 086E6CE62671D36E00F65CDC /* KontenKuisView.xib */; };
		0890E8932671DD50000A43F2 /* KontenKuisView.swift in Sources */ = {isa = PBXBuildFile; fileRef = 0890E8922671DD50000A43F2 /* KontenKuisView.swift */; };
		0890E8962671DE43000A43F2 /* Constants.swift in Sources */ = {isa = PBXBuildFile; fileRef = 0890E8952671DE43000A43F2 /* Constants.swift */; };
		0890E89A2671E1EC000A43F2 /* SkorView.xib in Resources */ = {isa = PBXBuildFile; fileRef = 0890E8992671E1EC000A43F2 /* SkorView.xib */; };
		0890E89C2671E20D000A43F2 /* SkorView.swift in Sources */ = {isa = PBXBuildFile; fileRef = 0890E89B2671E20D000A43F2 /* SkorView.swift */; };
		3072ABE7267718B0004B2F36 /* KuisViewController.swift in Sources */ = {isa = PBXBuildFile; fileRef = 3072ABE6267718B0004B2F36 /* KuisViewController.swift */; };
		3099E7212670C63200B44701 /* Colors.xcassets in Resources */ = {isa = PBXBuildFile; fileRef = 3099E7202670C63200B44701 /* Colors.xcassets */; };
		3099E73F2670D0C000B44701 /* UIView+Extension.swift in Sources */ = {isa = PBXBuildFile; fileRef = 3099E73E2670D0C000B44701 /* UIView+Extension.swift */; };
		984B52F7266E52A8002408C4 /* QuizBrain.swift in Sources */ = {isa = PBXBuildFile; fileRef = 984B52F6266E52A8002408C4 /* QuizBrain.swift */; };
		98D15B5526703EC00059EFF0 /* VictoryEngine.swift in Sources */ = {isa = PBXBuildFile; fileRef = 98D15B5426703EC00059EFF0 /* VictoryEngine.swift */; };
		D540E8FD266F6E9600FACF72 /* WebKitView in Resources */ = {isa = PBXBuildFile; fileRef = D540E8FC266F6E9600FACF72 /* WebKitView */; };
		D583289C267091D4007753E9 /* MateriViewController.swift in Sources */ = {isa = PBXBuildFile; fileRef = D583289B267091D4007753E9 /* MateriViewController.swift */; };
		D583289E2670928A007753E9 /* MediaViewController.swift in Sources */ = {isa = PBXBuildFile; fileRef = D583289D2670928A007753E9 /* MediaViewController.swift */; };
		D58328A1267093FE007753E9 /* PraktikumBerpanduan.storyboard in Resources */ = {isa = PBXBuildFile; fileRef = D58328A0267093FE007753E9 /* PraktikumBerpanduan.storyboard */; };
		D58328A32670943D007753E9 /* PraktikumTanpaPanduan.storyboard in Resources */ = {isa = PBXBuildFile; fileRef = D58328A22670943D007753E9 /* PraktikumTanpaPanduan.storyboard */; };
		D58328A52670948A007753E9 /* TryoutXIB.storyboard in Resources */ = {isa = PBXBuildFile; fileRef = D58328A42670948A007753E9 /* TryoutXIB.storyboard */; };
		D58328A726709527007753E9 /* XIBTryoutViewController.swift in Sources */ = {isa = PBXBuildFile; fileRef = D58328A626709527007753E9 /* XIBTryoutViewController.swift */; };
		D5983E1C2665D6AC00C199EA /* AppDelegate.swift in Sources */ = {isa = PBXBuildFile; fileRef = D5983E1B2665D6AC00C199EA /* AppDelegate.swift */; };
		D5983E1E2665D6AC00C199EA /* SceneDelegate.swift in Sources */ = {isa = PBXBuildFile; fileRef = D5983E1D2665D6AC00C199EA /* SceneDelegate.swift */; };
		D5983E232665D6AC00C199EA /* Main.storyboard in Resources */ = {isa = PBXBuildFile; fileRef = D5983E212665D6AC00C199EA /* Main.storyboard */; };
		D5983E252665D6AD00C199EA /* Assets.xcassets in Resources */ = {isa = PBXBuildFile; fileRef = D5983E242665D6AD00C199EA /* Assets.xcassets */; };
		D5983E282665D6AD00C199EA /* LaunchScreen.storyboard in Resources */ = {isa = PBXBuildFile; fileRef = D5983E262665D6AD00C199EA /* LaunchScreen.storyboard */; };
		D5B0D61826678FFF0027AEF2 /* StructEnum.swift in Sources */ = {isa = PBXBuildFile; fileRef = D5B0D61726678FFF0027AEF2 /* StructEnum.swift */; };
		D5B0D63C2668B7070027AEF2 /* MataPelajaranTableController.swift in Sources */ = {isa = PBXBuildFile; fileRef = D5B0D63B2668B7070027AEF2 /* MataPelajaranTableController.swift */; };
/* End PBXBuildFile section */

/* Begin PBXFileReference section */
		086E6CE12671CDDA00F65CDC /* OnboardingView.xib */ = {isa = PBXFileReference; lastKnownFileType = file.xib; path = OnboardingView.xib; sourceTree = "<group>"; };
		086E6CE42671D2BF00F65CDC /* OnboardingView.swift */ = {isa = PBXFileReference; lastKnownFileType = sourcecode.swift; path = OnboardingView.swift; sourceTree = "<group>"; };
		086E6CE62671D36E00F65CDC /* KontenKuisView.xib */ = {isa = PBXFileReference; lastKnownFileType = file.xib; path = KontenKuisView.xib; sourceTree = "<group>"; };
		0890E8922671DD50000A43F2 /* KontenKuisView.swift */ = {isa = PBXFileReference; lastKnownFileType = sourcecode.swift; path = KontenKuisView.swift; sourceTree = "<group>"; };
		0890E8952671DE43000A43F2 /* Constants.swift */ = {isa = PBXFileReference; lastKnownFileType = sourcecode.swift; path = Constants.swift; sourceTree = "<group>"; };
		0890E8992671E1EC000A43F2 /* SkorView.xib */ = {isa = PBXFileReference; lastKnownFileType = file.xib; path = SkorView.xib; sourceTree = "<group>"; };
		0890E89B2671E20D000A43F2 /* SkorView.swift */ = {isa = PBXFileReference; lastKnownFileType = sourcecode.swift; path = SkorView.swift; sourceTree = "<group>"; };
		3072ABE6267718B0004B2F36 /* KuisViewController.swift */ = {isa = PBXFileReference; lastKnownFileType = sourcecode.swift; path = KuisViewController.swift; sourceTree = "<group>"; };
		3099E7202670C63200B44701 /* Colors.xcassets */ = {isa = PBXFileReference; lastKnownFileType = folder.assetcatalog; path = Colors.xcassets; sourceTree = "<group>"; };
		3099E73E2670D0C000B44701 /* UIView+Extension.swift */ = {isa = PBXFileReference; lastKnownFileType = sourcecode.swift; path = "UIView+Extension.swift"; sourceTree = "<group>"; };
		984B52F6266E52A8002408C4 /* QuizBrain.swift */ = {isa = PBXFileReference; lastKnownFileType = sourcecode.swift; path = QuizBrain.swift; sourceTree = "<group>"; };
		98D15B5426703EC00059EFF0 /* VictoryEngine.swift */ = {isa = PBXFileReference; lastKnownFileType = sourcecode.swift; path = VictoryEngine.swift; sourceTree = "<group>"; };
		D540E8FC266F6E9600FACF72 /* WebKitView */ = {isa = PBXFileReference; lastKnownFileType = folder; path = WebKitView; sourceTree = "<group>"; };
		D583289B267091D4007753E9 /* MateriViewController.swift */ = {isa = PBXFileReference; lastKnownFileType = sourcecode.swift; path = MateriViewController.swift; sourceTree = "<group>"; };
		D583289D2670928A007753E9 /* MediaViewController.swift */ = {isa = PBXFileReference; lastKnownFileType = sourcecode.swift; path = MediaViewController.swift; sourceTree = "<group>"; };
		D58328A0267093FE007753E9 /* PraktikumBerpanduan.storyboard */ = {isa = PBXFileReference; fileEncoding = 4; lastKnownFileType = file.storyboard; path = PraktikumBerpanduan.storyboard; sourceTree = "<group>"; };
		D58328A22670943D007753E9 /* PraktikumTanpaPanduan.storyboard */ = {isa = PBXFileReference; fileEncoding = 4; lastKnownFileType = file.storyboard; path = PraktikumTanpaPanduan.storyboard; sourceTree = "<group>"; };
		D58328A42670948A007753E9 /* TryoutXIB.storyboard */ = {isa = PBXFileReference; lastKnownFileType = file.storyboard; path = TryoutXIB.storyboard; sourceTree = "<group>"; };
		D58328A626709527007753E9 /* XIBTryoutViewController.swift */ = {isa = PBXFileReference; lastKnownFileType = sourcecode.swift; path = XIBTryoutViewController.swift; sourceTree = "<group>"; };
		D5983E182665D6AC00C199EA /* victory.app */ = {isa = PBXFileReference; explicitFileType = wrapper.application; includeInIndex = 0; path = victory.app; sourceTree = BUILT_PRODUCTS_DIR; };
		D5983E1B2665D6AC00C199EA /* AppDelegate.swift */ = {isa = PBXFileReference; lastKnownFileType = sourcecode.swift; path = AppDelegate.swift; sourceTree = "<group>"; };
		D5983E1D2665D6AC00C199EA /* SceneDelegate.swift */ = {isa = PBXFileReference; lastKnownFileType = sourcecode.swift; path = SceneDelegate.swift; sourceTree = "<group>"; };
		D5983E222665D6AC00C199EA /* Base */ = {isa = PBXFileReference; lastKnownFileType = file.storyboard; name = Base; path = Base.lproj/Main.storyboard; sourceTree = "<group>"; };
		D5983E242665D6AD00C199EA /* Assets.xcassets */ = {isa = PBXFileReference; lastKnownFileType = folder.assetcatalog; path = Assets.xcassets; sourceTree = "<group>"; };
		D5983E272665D6AD00C199EA /* Base */ = {isa = PBXFileReference; lastKnownFileType = file.storyboard; name = Base; path = Base.lproj/LaunchScreen.storyboard; sourceTree = "<group>"; };
		D5983E292665D6AD00C199EA /* Info.plist */ = {isa = PBXFileReference; lastKnownFileType = text.plist.xml; path = Info.plist; sourceTree = "<group>"; };
		D5B0D61726678FFF0027AEF2 /* StructEnum.swift */ = {isa = PBXFileReference; lastKnownFileType = sourcecode.swift; path = StructEnum.swift; sourceTree = "<group>"; };
		D5B0D63B2668B7070027AEF2 /* MataPelajaranTableController.swift */ = {isa = PBXFileReference; lastKnownFileType = sourcecode.swift; path = MataPelajaranTableController.swift; sourceTree = "<group>"; };
/* End PBXFileReference section */

/* Begin PBXFrameworksBuildPhase section */
		D5983E152665D6AC00C199EA /* Frameworks */ = {
			isa = PBXFrameworksBuildPhase;
			buildActionMask = 2147483647;
			files = (
			);
			runOnlyForDeploymentPostprocessing = 0;
		};
/* End PBXFrameworksBuildPhase section */

/* Begin PBXGroup section */
		086E6CE02671CD8900F65CDC /* Paket - Kuis */ = {
			isa = PBXGroup;
			children = (
				086E6CE12671CDDA00F65CDC /* OnboardingView.xib */,
				086E6CE42671D2BF00F65CDC /* OnboardingView.swift */,
				086E6CE62671D36E00F65CDC /* KontenKuisView.xib */,
				0890E8922671DD50000A43F2 /* KontenKuisView.swift */,
				0890E8992671E1EC000A43F2 /* SkorView.xib */,
				0890E89B2671E20D000A43F2 /* SkorView.swift */,
			);
			path = "Paket - Kuis";
			sourceTree = "<group>";
		};
		0890E8942671DDF9000A43F2 /* Constants */ = {
			isa = PBXGroup;
			children = (
				0890E8952671DE43000A43F2 /* Constants.swift */,
			);
			path = Constants;
			sourceTree = "<group>";
		};
		3099E73C2670D08600B44701 /* Helpers */ = {
			isa = PBXGroup;
			children = (
				0890E8942671DDF9000A43F2 /* Constants */,
				3099E73D2670D0B600B44701 /* Extensions */,
			);
			path = Helpers;
			sourceTree = "<group>";
		};
		3099E73D2670D0B600B44701 /* Extensions */ = {
			isa = PBXGroup;
			children = (
				3099E73E2670D0C000B44701 /* UIView+Extension.swift */,
			);
			path = Extensions;
			sourceTree = "<group>";
		};
		D583289926709111007753E9 /* Main Appearance */ = {
			isa = PBXGroup;
			children = (
				D5983E212665D6AC00C199EA /* Main.storyboard */,
			);
			path = "Main Appearance";
			sourceTree = "<group>";
		};
		D583289A26709167007753E9 /* Main Appearance */ = {
			isa = PBXGroup;
			children = (
				D5B0D63B2668B7070027AEF2 /* MataPelajaranTableController.swift */,
				D583289B267091D4007753E9 /* MateriViewController.swift */,
				D583289D2670928A007753E9 /* MediaViewController.swift */,
			);
			path = "Main Appearance";
			sourceTree = "<group>";
		};
		D583289F2670935D007753E9 /* XIB Container Praktikum */ = {
			isa = PBXGroup;
			children = (
				D58328A22670943D007753E9 /* PraktikumTanpaPanduan.storyboard */,
				D58328A0267093FE007753E9 /* PraktikumBerpanduan.storyboard */,
			);
			path = "XIB Container Praktikum";
			sourceTree = "<group>";
		};
		D5983E0F2665D6AC00C199EA = {
			isa = PBXGroup;
			children = (
				D5983E1A2665D6AC00C199EA /* victory */,
				D5983E192665D6AC00C199EA /* Products */,
			);
			sourceTree = "<group>";
		};
		D5983E192665D6AC00C199EA /* Products */ = {
			isa = PBXGroup;
			children = (
				D5983E182665D6AC00C199EA /* victory.app */,
			);
			name = Products;
			sourceTree = "<group>";
		};
		D5983E1A2665D6AC00C199EA /* victory */ = {
			isa = PBXGroup;
			children = (
				D5983E242665D6AD00C199EA /* Assets.xcassets */,
				3099E7202670C63200B44701 /* Colors.xcassets */,
				D5B0D61026678D150027AEF2 /* Supporting Files */,
				D5B0D60D26678D050027AEF2 /* Models */,
				D5B0D60E26678D0B0027AEF2 /* Views */,
				D5B0D60F26678D0F0027AEF2 /* Controllers */,
				3099E73C2670D08600B44701 /* Helpers */,
			);
			path = victory;
			sourceTree = "<group>";
		};
		D5B0D60D26678D050027AEF2 /* Models */ = {
			isa = PBXGroup;
			children = (
				D5B0D61726678FFF0027AEF2 /* StructEnum.swift */,
				98D15B5426703EC00059EFF0 /* VictoryEngine.swift */,
				984B52F6266E52A8002408C4 /* QuizBrain.swift */,
			);
			path = Models;
			sourceTree = "<group>";
		};
		D5B0D60E26678D0B0027AEF2 /* Views */ = {
			isa = PBXGroup;
			children = (
				086E6CE02671CD8900F65CDC /* Paket - Kuis */,
				D540E8FC266F6E9600FACF72 /* WebKitView */,
				D583289926709111007753E9 /* Main Appearance */,
				D583289F2670935D007753E9 /* XIB Container Praktikum */,
				D5983E262665D6AD00C199EA /* LaunchScreen.storyboard */,
				D58328A42670948A007753E9 /* TryoutXIB.storyboard */,
			);
			path = Views;
			sourceTree = "<group>";
		};
		D5B0D60F26678D0F0027AEF2 /* Controllers */ = {
			isa = PBXGroup;
			children = (
				D583289A26709167007753E9 /* Main Appearance */,
				D58328A626709527007753E9 /* XIBTryoutViewController.swift */,
				3072ABE6267718B0004B2F36 /* KuisViewController.swift */,
			);
			path = Controllers;
			sourceTree = "<group>";
		};
		D5B0D61026678D150027AEF2 /* Supporting Files */ = {
			isa = PBXGroup;
			children = (
				D5983E1B2665D6AC00C199EA /* AppDelegate.swift */,
				D5983E1D2665D6AC00C199EA /* SceneDelegate.swift */,
				D5983E292665D6AD00C199EA /* Info.plist */,
			);
			path = "Supporting Files";
			sourceTree = "<group>";
		};
/* End PBXGroup section */

/* Begin PBXNativeTarget section */
		D5983E172665D6AC00C199EA /* victory */ = {
			isa = PBXNativeTarget;
			buildConfigurationList = D5983E2C2665D6AD00C199EA /* Build configuration list for PBXNativeTarget "victory" */;
			buildPhases = (
				D5983E142665D6AC00C199EA /* Sources */,
				D5983E152665D6AC00C199EA /* Frameworks */,
				D5983E162665D6AC00C199EA /* Resources */,
			);
			buildRules = (
			);
			dependencies = (
			);
			name = victory;
			productName = victory;
			productReference = D5983E182665D6AC00C199EA /* victory.app */;
			productType = "com.apple.product-type.application";
		};
/* End PBXNativeTarget section */

/* Begin PBXProject section */
		D5983E102665D6AC00C199EA /* Project object */ = {
			isa = PBXProject;
			attributes = {
				LastSwiftUpdateCheck = 1250;
				LastUpgradeCheck = 1250;
				TargetAttributes = {
					D5983E172665D6AC00C199EA = {
						CreatedOnToolsVersion = 12.5;
					};
				};
			};
			buildConfigurationList = D5983E132665D6AC00C199EA /* Build configuration list for PBXProject "victory" */;
			compatibilityVersion = "Xcode 9.3";
			developmentRegion = en;
			hasScannedForEncodings = 0;
			knownRegions = (
				en,
				Base,
			);
			mainGroup = D5983E0F2665D6AC00C199EA;
			productRefGroup = D5983E192665D6AC00C199EA /* Products */;
			projectDirPath = "";
			projectRoot = "";
			targets = (
				D5983E172665D6AC00C199EA /* victory */,
			);
		};
/* End PBXProject section */

/* Begin PBXResourcesBuildPhase section */
		D5983E162665D6AC00C199EA /* Resources */ = {
			isa = PBXResourcesBuildPhase;
			buildActionMask = 2147483647;
			files = (
				D5983E282665D6AD00C199EA /* LaunchScreen.storyboard in Resources */,
				086E6CE22671CDDA00F65CDC /* OnboardingView.xib in Resources */,
				D58328A1267093FE007753E9 /* PraktikumBerpanduan.storyboard in Resources */,
				D58328A32670943D007753E9 /* PraktikumTanpaPanduan.storyboard in Resources */,
				0890E89A2671E1EC000A43F2 /* SkorView.xib in Resources */,
				D58328A52670948A007753E9 /* TryoutXIB.storyboard in Resources */,
				D5983E252665D6AD00C199EA /* Assets.xcassets in Resources */,
				3099E7212670C63200B44701 /* Colors.xcassets in Resources */,
				D5983E232665D6AC00C199EA /* Main.storyboard in Resources */,
				D540E8FD266F6E9600FACF72 /* WebKitView in Resources */,
				086E6CE72671D36E00F65CDC /* KontenKuisView.xib in Resources */,
			);
			runOnlyForDeploymentPostprocessing = 0;
		};
/* End PBXResourcesBuildPhase section */

/* Begin PBXSourcesBuildPhase section */
		D5983E142665D6AC00C199EA /* Sources */ = {
			isa = PBXSourcesBuildPhase;
			buildActionMask = 2147483647;
			files = (
				D5B0D61826678FFF0027AEF2 /* StructEnum.swift in Sources */,
				D58328A726709527007753E9 /* XIBTryoutViewController.swift in Sources */,
				D583289C267091D4007753E9 /* MateriViewController.swift in Sources */,
				0890E8932671DD50000A43F2 /* KontenKuisView.swift in Sources */,
				086E6CE52671D2BF00F65CDC /* OnboardingView.swift in Sources */,
				D5983E1C2665D6AC00C199EA /* AppDelegate.swift in Sources */,
				D583289E2670928A007753E9 /* MediaViewController.swift in Sources */,
				0890E8962671DE43000A43F2 /* Constants.swift in Sources */,
				984B52F7266E52A8002408C4 /* QuizBrain.swift in Sources */,
				3072ABE7267718B0004B2F36 /* KuisViewController.swift in Sources */,
				0890E89C2671E20D000A43F2 /* SkorView.swift in Sources */,
				D5B0D63C2668B7070027AEF2 /* MataPelajaranTableController.swift in Sources */,
				98D15B5526703EC00059EFF0 /* VictoryEngine.swift in Sources */,
				3099E73F2670D0C000B44701 /* UIView+Extension.swift in Sources */,
				D5983E1E2665D6AC00C199EA /* SceneDelegate.swift in Sources */,
			);
			runOnlyForDeploymentPostprocessing = 0;
		};
/* End PBXSourcesBuildPhase section */

/* Begin PBXVariantGroup section */
		D5983E212665D6AC00C199EA /* Main.storyboard */ = {
			isa = PBXVariantGroup;
			children = (
				D5983E222665D6AC00C199EA /* Base */,
			);
			name = Main.storyboard;
			sourceTree = "<group>";
		};
		D5983E262665D6AD00C199EA /* LaunchScreen.storyboard */ = {
			isa = PBXVariantGroup;
			children = (
				D5983E272665D6AD00C199EA /* Base */,
			);
			name = LaunchScreen.storyboard;
			sourceTree = "<group>";
		};
/* End PBXVariantGroup section */

/* Begin XCBuildConfiguration section */
		D5983E2A2665D6AD00C199EA /* Debug */ = {
			isa = XCBuildConfiguration;
			buildSettings = {
				ALWAYS_SEARCH_USER_PATHS = NO;
				CLANG_ANALYZER_NONNULL = YES;
				CLANG_ANALYZER_NUMBER_OBJECT_CONVERSION = YES_AGGRESSIVE;
				CLANG_CXX_LANGUAGE_STANDARD = "gnu++14";
				CLANG_CXX_LIBRARY = "libc++";
				CLANG_ENABLE_MODULES = YES;
				CLANG_ENABLE_OBJC_ARC = YES;
				CLANG_ENABLE_OBJC_WEAK = YES;
				CLANG_WARN_BLOCK_CAPTURE_AUTORELEASING = YES;
				CLANG_WARN_BOOL_CONVERSION = YES;
				CLANG_WARN_COMMA = YES;
				CLANG_WARN_CONSTANT_CONVERSION = YES;
				CLANG_WARN_DEPRECATED_OBJC_IMPLEMENTATIONS = YES;
				CLANG_WARN_DIRECT_OBJC_ISA_USAGE = YES_ERROR;
				CLANG_WARN_DOCUMENTATION_COMMENTS = YES;
				CLANG_WARN_EMPTY_BODY = YES;
				CLANG_WARN_ENUM_CONVERSION = YES;
				CLANG_WARN_INFINITE_RECURSION = YES;
				CLANG_WARN_INT_CONVERSION = YES;
				CLANG_WARN_NON_LITERAL_NULL_CONVERSION = YES;
				CLANG_WARN_OBJC_IMPLICIT_RETAIN_SELF = YES;
				CLANG_WARN_OBJC_LITERAL_CONVERSION = YES;
				CLANG_WARN_OBJC_ROOT_CLASS = YES_ERROR;
				CLANG_WARN_QUOTED_INCLUDE_IN_FRAMEWORK_HEADER = YES;
				CLANG_WARN_RANGE_LOOP_ANALYSIS = YES;
				CLANG_WARN_STRICT_PROTOTYPES = YES;
				CLANG_WARN_SUSPICIOUS_MOVE = YES;
				CLANG_WARN_UNGUARDED_AVAILABILITY = YES_AGGRESSIVE;
				CLANG_WARN_UNREACHABLE_CODE = YES;
				CLANG_WARN__DUPLICATE_METHOD_MATCH = YES;
				COPY_PHASE_STRIP = NO;
				DEBUG_INFORMATION_FORMAT = dwarf;
				ENABLE_STRICT_OBJC_MSGSEND = YES;
				ENABLE_TESTABILITY = YES;
				GCC_C_LANGUAGE_STANDARD = gnu11;
				GCC_DYNAMIC_NO_PIC = NO;
				GCC_NO_COMMON_BLOCKS = YES;
				GCC_OPTIMIZATION_LEVEL = 0;
				GCC_PREPROCESSOR_DEFINITIONS = (
					"DEBUG=1",
					"$(inherited)",
				);
				GCC_WARN_64_TO_32_BIT_CONVERSION = YES;
				GCC_WARN_ABOUT_RETURN_TYPE = YES_ERROR;
				GCC_WARN_UNDECLARED_SELECTOR = YES;
				GCC_WARN_UNINITIALIZED_AUTOS = YES_AGGRESSIVE;
				GCC_WARN_UNUSED_FUNCTION = YES;
				GCC_WARN_UNUSED_VARIABLE = YES;
				IPHONEOS_DEPLOYMENT_TARGET = 14.5;
				MTL_ENABLE_DEBUG_INFO = INCLUDE_SOURCE;
				MTL_FAST_MATH = YES;
				ONLY_ACTIVE_ARCH = YES;
				SDKROOT = iphoneos;
				SWIFT_ACTIVE_COMPILATION_CONDITIONS = DEBUG;
				SWIFT_OPTIMIZATION_LEVEL = "-Onone";
			};
			name = Debug;
		};
		D5983E2B2665D6AD00C199EA /* Release */ = {
			isa = XCBuildConfiguration;
			buildSettings = {
				ALWAYS_SEARCH_USER_PATHS = NO;
				CLANG_ANALYZER_NONNULL = YES;
				CLANG_ANALYZER_NUMBER_OBJECT_CONVERSION = YES_AGGRESSIVE;
				CLANG_CXX_LANGUAGE_STANDARD = "gnu++14";
				CLANG_CXX_LIBRARY = "libc++";
				CLANG_ENABLE_MODULES = YES;
				CLANG_ENABLE_OBJC_ARC = YES;
				CLANG_ENABLE_OBJC_WEAK = YES;
				CLANG_WARN_BLOCK_CAPTURE_AUTORELEASING = YES;
				CLANG_WARN_BOOL_CONVERSION = YES;
				CLANG_WARN_COMMA = YES;
				CLANG_WARN_CONSTANT_CONVERSION = YES;
				CLANG_WARN_DEPRECATED_OBJC_IMPLEMENTATIONS = YES;
				CLANG_WARN_DIRECT_OBJC_ISA_USAGE = YES_ERROR;
				CLANG_WARN_DOCUMENTATION_COMMENTS = YES;
				CLANG_WARN_EMPTY_BODY = YES;
				CLANG_WARN_ENUM_CONVERSION = YES;
				CLANG_WARN_INFINITE_RECURSION = YES;
				CLANG_WARN_INT_CONVERSION = YES;
				CLANG_WARN_NON_LITERAL_NULL_CONVERSION = YES;
				CLANG_WARN_OBJC_IMPLICIT_RETAIN_SELF = YES;
				CLANG_WARN_OBJC_LITERAL_CONVERSION = YES;
				CLANG_WARN_OBJC_ROOT_CLASS = YES_ERROR;
				CLANG_WARN_QUOTED_INCLUDE_IN_FRAMEWORK_HEADER = YES;
				CLANG_WARN_RANGE_LOOP_ANALYSIS = YES;
				CLANG_WARN_STRICT_PROTOTYPES = YES;
				CLANG_WARN_SUSPICIOUS_MOVE = YES;
				CLANG_WARN_UNGUARDED_AVAILABILITY = YES_AGGRESSIVE;
				CLANG_WARN_UNREACHABLE_CODE = YES;
				CLANG_WARN__DUPLICATE_METHOD_MATCH = YES;
				COPY_PHASE_STRIP = NO;
				DEBUG_INFORMATION_FORMAT = "dwarf-with-dsym";
				ENABLE_NS_ASSERTIONS = NO;
				ENABLE_STRICT_OBJC_MSGSEND = YES;
				GCC_C_LANGUAGE_STANDARD = gnu11;
				GCC_NO_COMMON_BLOCKS = YES;
				GCC_WARN_64_TO_32_BIT_CONVERSION = YES;
				GCC_WARN_ABOUT_RETURN_TYPE = YES_ERROR;
				GCC_WARN_UNDECLARED_SELECTOR = YES;
				GCC_WARN_UNINITIALIZED_AUTOS = YES_AGGRESSIVE;
				GCC_WARN_UNUSED_FUNCTION = YES;
				GCC_WARN_UNUSED_VARIABLE = YES;
				IPHONEOS_DEPLOYMENT_TARGET = 14.5;
				MTL_ENABLE_DEBUG_INFO = NO;
				MTL_FAST_MATH = YES;
				SDKROOT = iphoneos;
				SWIFT_COMPILATION_MODE = wholemodule;
				SWIFT_OPTIMIZATION_LEVEL = "-O";
				VALIDATE_PRODUCT = YES;
			};
			name = Release;
		};
		D5983E2D2665D6AD00C199EA /* Debug */ = {
			isa = XCBuildConfiguration;
			buildSettings = {
				ASSETCATALOG_COMPILER_APPICON_NAME = AppIcon;
				ASSETCATALOG_COMPILER_GLOBAL_ACCENT_COLOR_NAME = AccentColor;
				CODE_SIGN_STYLE = Automatic;
				DEVELOPMENT_TEAM = SCZQ3M4JVY;
				INFOPLIST_FILE = "victory/Supporting Files/Info.plist";
				IPHONEOS_DEPLOYMENT_TARGET = 14.4;
				LD_RUNPATH_SEARCH_PATHS = (
					"$(inherited)",
					"@executable_path/Frameworks",
				);
				PRODUCT_BUNDLE_IDENTIFIER = com.gaspol.victory;
				PRODUCT_NAME = "$(TARGET_NAME)";
				SWIFT_VERSION = 5.0;
				TARGETED_DEVICE_FAMILY = "1,2";
			};
			name = Debug;
		};
		D5983E2E2665D6AD00C199EA /* Release */ = {
			isa = XCBuildConfiguration;
			buildSettings = {
				ASSETCATALOG_COMPILER_APPICON_NAME = AppIcon;
				ASSETCATALOG_COMPILER_GLOBAL_ACCENT_COLOR_NAME = AccentColor;
				CODE_SIGN_STYLE = Automatic;
				DEVELOPMENT_TEAM = SCZQ3M4JVY;
				INFOPLIST_FILE = "victory/Supporting Files/Info.plist";
				IPHONEOS_DEPLOYMENT_TARGET = 14.4;
				LD_RUNPATH_SEARCH_PATHS = (
					"$(inherited)",
					"@executable_path/Frameworks",
				);
				PRODUCT_BUNDLE_IDENTIFIER = com.gaspol.victory;
				PRODUCT_NAME = "$(TARGET_NAME)";
				SWIFT_VERSION = 5.0;
				TARGETED_DEVICE_FAMILY = "1,2";
			};
			name = Release;
		};
/* End XCBuildConfiguration section */

/* Begin XCConfigurationList section */
		D5983E132665D6AC00C199EA /* Build configuration list for PBXProject "victory" */ = {
			isa = XCConfigurationList;
			buildConfigurations = (
				D5983E2A2665D6AD00C199EA /* Debug */,
				D5983E2B2665D6AD00C199EA /* Release */,
			);
			defaultConfigurationIsVisible = 0;
			defaultConfigurationName = Release;
		};
		D5983E2C2665D6AD00C199EA /* Build configuration list for PBXNativeTarget "victory" */ = {
			isa = XCConfigurationList;
			buildConfigurations = (
				D5983E2D2665D6AD00C199EA /* Debug */,
				D5983E2E2665D6AD00C199EA /* Release */,
			);
			defaultConfigurationIsVisible = 0;
			defaultConfigurationName = Release;
		};
/* End XCConfigurationList section */
	};
	rootObject = D5983E102665D6AC00C199EA /* Project object */;
}
